Microsoft Visual Studio Solution File, Format Version 12.00
# Visual Studio Version 17
VisualStudioVersion = 17.0.31903.59
MinimumVisualStudioVersion = 10.0.40219.1
Project("{2150E333-8FDC-42A3-9474-1A3956D46DE8}") = "Solution Components", "Solution Components", "{36D591C7-65C7-A0D1-1CBC-10CDE441BDC8}"
	ProjectSection(SolutionItems) = preProject
		.gitignore = .gitignore
		README.md = README.md
	EndProjectSection
EndProject
Project("{2150E333-8FDC-42A3-9474-1A3956D46DE8}") = "src", "src", "{3754C398-2FBA-4D34-B30C-49857582C5BF}"
EndProject
Project("{2150E333-8FDC-42A3-9474-1A3956D46DE8}") = "tests", "tests", "{99181F4F-D12C-4C62-B859-283448E00EB4}"
EndProject
Project("{2150E333-8FDC-42A3-9474-1A3956D46DE8}") = "docker", "docker", "{AC75077C-0000-4712-B884-F4C3D25B621F}"
	ProjectSection(SolutionItems) = preProject
		docker\.env = docker\.env
		docker\analytics.Dockerfile = docker\analytics.Dockerfile
		docker\auth.Dockerfile = docker\auth.Dockerfile
		docker\blog.Dockerfile = docker\blog.Dockerfile
		docker\docker-compose.yml = docker\docker-compose.yml
	EndProjectSection
EndProject
Project("{2150E333-8FDC-42A3-9474-1A3956D46DE8}") = "BlogPlatform.Auth", "BlogPlatform.Auth", "{4F625579-A0F9-4A4F-80D7-63CA91D7D6EA}"
EndProject
Project("{2150E333-8FDC-42A3-9474-1A3956D46DE8}") = "BlogPlatform.Blog", "BlogPlatform.Blog", "{45D7F151-DDED-4018-9A60-D044F6AB5BAB}"
EndProject
Project("{2150E333-8FDC-42A3-9474-1A3956D46DE8}") = "BlogPlatform.Analytics", "BlogPlatform.Analytics", "{42D58907-65E3-42E6-AD01-A42CB46CEFBA}"
EndProject
Project("{2150E333-8FDC-42A3-9474-1A3956D46DE8}") = "BlogPlatform.Shared", "BlogPlatform.Shared", "{5F4C2FCD-983A-4B75-862E-1079785C8232}"
EndProject
Project("{FAE04EC0-301F-11D3-BF4B-00C04F79EFBC}") = "BlogPlatform.Auth.UnitTests", "tests\BlogPlatform.Auth.UnitTests\BlogPlatform.Auth.UnitTests.csproj", "{3D645C31-7770-4CC1-B130-4E81F006CAA9}"
EndProject
Project("{FAE04EC0-301F-11D3-BF4B-00C04F79EFBC}") = "BlogPlatform.Auth.IntegrationTests", "tests\BlogPlatform.Auth.IntegrationTests\BlogPlatform.Auth.IntegrationTests.csproj", "{6D9C644C-2B21-4391-931F-4016DCFC4607}"
EndProject
Project("{FAE04EC0-301F-11D3-BF4B-00C04F79EFBC}") = "BlogPlatform.Blog.UnitTests", "tests\BlogPlatform.Blog.UnitTests\BlogPlatform.Blog.UnitTests.csproj", "{763A58DF-2FC3-4BCE-A145-891429CA4336}"
EndProject
Project("{FAE04EC0-301F-11D3-BF4B-00C04F79EFBC}") = "BlogPlatform.Blog.IntegrationTests", "tests\BlogPlatform.Blog.IntegrationTests\BlogPlatform.Blog.IntegrationTests.csproj", "{0AAA30B8-7403-47F0-AC67-77969F07C035}"
EndProject
Project("{FAE04EC0-301F-11D3-BF4B-00C04F79EFBC}") = "BlogPlatform.Analytics.UnitTests", "tests\BlogPlatform.Analytics.UnitTests\BlogPlatform.Analytics.UnitTests.csproj", "{0528E7EE-A306-4D76-B1C1-9EA92CF6C79D}"
EndProject
Project("{FAE04EC0-301F-11D3-BF4B-00C04F79EFBC}") = "BlogPlatform.Analytics.IntegrationTests", "tests\BlogPlatform.Analytics.IntegrationTests\BlogPlatform.Analytics.IntegrationTests.csproj", "{E3E33840-4A7C-4F87-9D54-3271DFADC7B5}"
EndProject
Project("{FAE04EC0-301F-11D3-BF4B-00C04F79EFBC}") = "BlogPlatform.Grpc.IntegrationTests", "tests\BlogPlatform.Grpc.IntegrationTests\BlogPlatform.Grpc.IntegrationTests.csproj", "{230D8479-CA5B-4F75-A691-D6E947C484E4}"
EndProject
Project("{FAE04EC0-301F-11D3-BF4B-00C04F79EFBC}") = "BlogPlatform.RabbitMQ.IntegrationTests", "tests\BlogPlatform.RabbitMQ.IntegrationTests\BlogPlatform.RabbitMQ.IntegrationTests.csproj", "{F451C3AD-3943-4FBD-806B-9A99BBD46086}"
EndProject
Project("{2150E333-8FDC-42A3-9474-1A3956D46DE8}") = "BlogPlatform.ApiGateway", "BlogPlatform.ApiGateway", "{0AC62A24-7EAE-4ADB-A34A-90900C29413F}"
EndProject
Project("{FAE04EC0-301F-11D3-BF4B-00C04F79EFBC}") = "BlogPlatform.ApiGateway.UnitTests", "tests\BlogPlatform.ApiGateway.UnitTests\BlogPlatform.ApiGateway.UnitTests.csproj", "{602F2B8B-1539-4A84-A472-CC9639D62796}"
EndProject
Project("{FAE04EC0-301F-11D3-BF4B-00C04F79EFBC}") = "BlogPlatform.ApiGateway.IntegrationTests", "tests\BlogPlatform.ApiGateway.IntegrationTests\BlogPlatform.ApiGateway.IntegrationTests.csproj", "{061492CD-2AC3-4B80-8714-D5FBE8445F23}"
EndProject
Project("{FAE04EC0-301F-11D3-BF4B-00C04F79EFBC}") = "BlogPlatform.Caching.IntegrationTests", "tests\BlogPlatform.Caching.IntegrationTests\BlogPlatform.Caching.IntegrationTests.csproj", "{B194B8B7-F7C2-46FD-8A8C-15D42D16F40A}"
EndProject
Project("{FAE04EC0-301F-11D3-BF4B-00C04F79EFBC}") = "BlogPlatform.Analytics.API", "src\BlogPlatform.Analytics\BlogPlatform.Analytics.API\BlogPlatform.Analytics.API.csproj", "{52B1717D-2050-4477-99EE-32D040DB3AF0}"
EndProject
Project("{FAE04EC0-301F-11D3-BF4B-00C04F79EFBC}") = "BlogPlatform.Analytics.Core", "src\BlogPlatform.Analytics\BlogPlatform.Analytics.Core\BlogPlatform.Analytics.Core.csproj", "{16BF665C-E5ED-4D92-B49E-5B91B5DC910B}"
EndProject
Project("{FAE04EC0-301F-11D3-BF4B-00C04F79EFBC}") = "BlogPlatform.Analytics.Infrastructure", "src\BlogPlatform.Analytics\BlogPlatform.Analytics.Infrastructure\BlogPlatform.Analytics.Infrastructure.csproj", "{C2CE8DEC-1DA0-432F-B6C5-F99888CEE5D1}"
EndProject
Project("{FAE04EC0-301F-11D3-BF4B-00C04F79EFBC}") = "BlogPlatform.Analytics.Grpc", "src\BlogPlatform.Analytics\BlogPlatform.Analytics.Grpc\BlogPlatform.Analytics.Grpc.csproj", "{3E1C5733-F15B-45A5-9CF7-1AE42A794873}"
EndProject
Project("{FAE04EC0-301F-11D3-BF4B-00C04F79EFBC}") = "BlogPlatform.ApiGateway.API", "src\BlogPlatform.ApiGateway\BlogPlatform.ApiGateway.API\BlogPlatform.ApiGateway.API.csproj", "{C07518C9-38F5-408A-8D6E-2F5A76C446ED}"
EndProject
Project("{FAE04EC0-301F-11D3-BF4B-00C04F79EFBC}") = "BlogPlatform.ApiGateway.Core", "src\BlogPlatform.ApiGateway\BlogPlatform.ApiGateway.Core\BlogPlatform.ApiGateway.Core.csproj", "{83A0994E-3A92-402A-B243-D7E710082FC0}"
EndProject
Project("{FAE04EC0-301F-11D3-BF4B-00C04F79EFBC}") = "BlogPlatform.Auth.API", "src\BlogPlatform.Auth\BlogPlatform.Auth.API\BlogPlatform.Auth.API.csproj", "{898E181C-2522-4F59-A5A7-16A17ABC7BE9}"
EndProject
Project("{FAE04EC0-301F-11D3-BF4B-00C04F79EFBC}") = "BlogPlatform.Auth.Core", "src\BlogPlatform.Auth\BlogPlatform.Auth.Core\BlogPlatform.Auth.Core.csproj", "{421244F4-CF13-4222-B416-456287E551E7}"
EndProject
Project("{FAE04EC0-301F-11D3-BF4B-00C04F79EFBC}") = "BlogPlatform.ApiGateway.Infrastructure", "src\BlogPlatform.ApiGateway\BlogPlatform.ApiGateway.Infrastructure\BlogPlatform.ApiGateway.Infrastructure.csproj", "{3431EBB2-A8A0-4627-8B63-04C8A84144EC}"
EndProject
Project("{FAE04EC0-301F-11D3-BF4B-00C04F79EFBC}") = "BlogPlatform.Auth.Infrastructure", "src\BlogPlatform.Auth\BlogPlatform.Auth.Infrastructure\BlogPlatform.Auth.Infrastructure.csproj", "{BE35D6C0-CA3E-4724-AB5B-B4BEFE0A39F5}"
EndProject
Project("{FAE04EC0-301F-11D3-BF4B-00C04F79EFBC}") = "BlogPlatform.Auth.Grpc", "src\BlogPlatform.Auth\BlogPlatform.Auth.Grpc\BlogPlatform.Auth.Grpc.csproj", "{C5A06453-FEAD-4945-827A-E3299AB161EA}"
EndProject
Project("{FAE04EC0-301F-11D3-BF4B-00C04F79EFBC}") = "BlogPlatform.Blog.API", "src\BlogPlatform.Blog\BlogPlatform.Blog.API\BlogPlatform.Blog.API.csproj", "{EDCAB1CA-CAAE-4619-9410-1D0981DA981D}"
EndProject
Project("{FAE04EC0-301F-11D3-BF4B-00C04F79EFBC}") = "BlogPlatform.Blog.Core", "src\BlogPlatform.Blog\BlogPlatform.Blog.Core\BlogPlatform.Blog.Core.csproj", "{4EB77246-2927-41A5-A914-8A0E4C8988F9}"
EndProject
Project("{FAE04EC0-301F-11D3-BF4B-00C04F79EFBC}") = "BlogPlatform.Blog.Infrastructure", "src\BlogPlatform.Blog\BlogPlatform.Blog.Infrastructure\BlogPlatform.Blog.Infrastructure.csproj", "{9E4F8E26-22D8-4866-AFBB-996E355FD084}"
EndProject
Project("{FAE04EC0-301F-11D3-BF4B-00C04F79EFBC}") = "BlogPlatform.Blog.Grpc", "src\BlogPlatform.Blog\BlogPlatform.Blog.Grpc\BlogPlatform.Blog.Grpc.csproj", "{5F49DF19-BA10-41F6-8259-B6CB65F34C85}"
EndProject
Project("{FAE04EC0-301F-11D3-BF4B-00C04F79EFBC}") = "BlogPlatform.Shared.Messaging", "src\BlogPlatform.Shared\BlogPlatform.Shared.Messages\BlogPlatform.Shared.Messaging.csproj", "{7439CD9B-87C9-4C9B-89EA-1A889313F1D2}"
EndProject
Project("{FAE04EC0-301F-11D3-BF4B-00C04F79EFBC}") = "BlogPlatform.Shared.Common", "src\BlogPlatform.Shared\BlogPlatform.Shared.Common\BlogPlatform.Shared.Common.csproj", "{E49EE3DC-8790-477D-AE14-C660A850BC28}"
EndProject
Project("{FAE04EC0-301F-11D3-BF4B-00C04F79EFBC}") = "BlogPlatform.Shared.Grpc", "src\BlogPlatform.Shared\BlogPlatform.Shared.Grpc\BlogPlatform.Shared.Grpc.csproj", "{4497C8B7-42E4-4BE2-92C8-0D5100624B0C}"
EndProject
Project("{FAE04EC0-301F-11D3-BF4B-00C04F79EFBC}") = "BlogPlatform.Shared.Caching", "src\BlogPlatform.Shared\BlogPlatform.Shared.Caching\BlogPlatform.Shared.Caching.csproj", "{558A23CF-0184-41BB-9270-84FF39B40754}"
EndProject
Project("{FAE04EC0-301F-11D3-BF4B-00C04F79EFBC}") = "BlogPlatform.Shared.API", "src\BlogPlatform.Shared\BlogPlatform.Shared.API\BlogPlatform.Shared.API.csproj", "{8EAAC7A6-342D-49A7-817F-7680A546FBB9}"
EndProject
Project("{2150E333-8FDC-42A3-9474-1A3956D46DE8}") = "init-scripts", "init-scripts", "{95CBF33B-9077-40A0-9F8B-4126EB07FEFA}"
	ProjectSection(SolutionItems) = preProject
		docker\init-scripts\auth-init.sql = docker\init-scripts\auth-init.sql
		docker\init-scripts\blog-init.sql = docker\init-scripts\blog-init.sql
	EndProjectSection
EndProject
Global
	GlobalSection(SolutionConfigurationPlatforms) = preSolution
		Debug|Any CPU = Debug|Any CPU
		Release|Any CPU = Release|Any CPU
	EndGlobalSection
	GlobalSection(ProjectConfigurationPlatforms) = postSolution
		{3D645C31-7770-4CC1-B130-4E81F006CAA9}.Debug|Any CPU.ActiveCfg = Debug|Any CPU
		{3D645C31-7770-4CC1-B130-4E81F006CAA9}.Debug|Any CPU.Build.0 = Debug|Any CPU
		{3D645C31-7770-4CC1-B130-4E81F006CAA9}.Release|Any CPU.ActiveCfg = Release|Any CPU
		{3D645C31-7770-4CC1-B130-4E81F006CAA9}.Release|Any CPU.Build.0 = Release|Any CPU
		{6D9C644C-2B21-4391-931F-4016DCFC4607}.Debug|Any CPU.ActiveCfg = Debug|Any CPU
		{6D9C644C-2B21-4391-931F-4016DCFC4607}.Debug|Any CPU.Build.0 = Debug|Any CPU
		{6D9C644C-2B21-4391-931F-4016DCFC4607}.Release|Any CPU.ActiveCfg = Release|Any CPU
		{6D9C644C-2B21-4391-931F-4016DCFC4607}.Release|Any CPU.Build.0 = Release|Any CPU
		{763A58DF-2FC3-4BCE-A145-891429CA4336}.Debug|Any CPU.ActiveCfg = Debug|Any CPU
		{763A58DF-2FC3-4BCE-A145-891429CA4336}.Debug|Any CPU.Build.0 = Debug|Any CPU
		{763A58DF-2FC3-4BCE-A145-891429CA4336}.Release|Any CPU.ActiveCfg = Release|Any CPU
		{763A58DF-2FC3-4BCE-A145-891429CA4336}.Release|Any CPU.Build.0 = Release|Any CPU
		{0AAA30B8-7403-47F0-AC67-77969F07C035}.Debug|Any CPU.ActiveCfg = Debug|Any CPU
		{0AAA30B8-7403-47F0-AC67-77969F07C035}.Debug|Any CPU.Build.0 = Debug|Any CPU
		{0AAA30B8-7403-47F0-AC67-77969F07C035}.Release|Any CPU.ActiveCfg = Release|Any CPU
		{0AAA30B8-7403-47F0-AC67-77969F07C035}.Release|Any CPU.Build.0 = Release|Any CPU
		{0528E7EE-A306-4D76-B1C1-9EA92CF6C79D}.Debug|Any CPU.ActiveCfg = Debug|Any CPU
		{0528E7EE-A306-4D76-B1C1-9EA92CF6C79D}.Debug|Any CPU.Build.0 = Debug|Any CPU
		{0528E7EE-A306-4D76-B1C1-9EA92CF6C79D}.Release|Any CPU.ActiveCfg = Release|Any CPU
		{0528E7EE-A306-4D76-B1C1-9EA92CF6C79D}.Release|Any CPU.Build.0 = Release|Any CPU
		{E3E33840-4A7C-4F87-9D54-3271DFADC7B5}.Debug|Any CPU.ActiveCfg = Debug|Any CPU
		{E3E33840-4A7C-4F87-9D54-3271DFADC7B5}.Debug|Any CPU.Build.0 = Debug|Any CPU
		{E3E33840-4A7C-4F87-9D54-3271DFADC7B5}.Release|Any CPU.ActiveCfg = Release|Any CPU
		{E3E33840-4A7C-4F87-9D54-3271DFADC7B5}.Release|Any CPU.Build.0 = Release|Any CPU
		{230D8479-CA5B-4F75-A691-D6E947C484E4}.Debug|Any CPU.ActiveCfg = Debug|Any CPU
		{230D8479-CA5B-4F75-A691-D6E947C484E4}.Debug|Any CPU.Build.0 = Debug|Any CPU
		{230D8479-CA5B-4F75-A691-D6E947C484E4}.Release|Any CPU.ActiveCfg = Release|Any CPU
		{230D8479-CA5B-4F75-A691-D6E947C484E4}.Release|Any CPU.Build.0 = Release|Any CPU
		{F451C3AD-3943-4FBD-806B-9A99BBD46086}.Debug|Any CPU.ActiveCfg = Debug|Any CPU
		{F451C3AD-3943-4FBD-806B-9A99BBD46086}.Debug|Any CPU.Build.0 = Debug|Any CPU
		{F451C3AD-3943-4FBD-806B-9A99BBD46086}.Release|Any CPU.ActiveCfg = Release|Any CPU
		{F451C3AD-3943-4FBD-806B-9A99BBD46086}.Release|Any CPU.Build.0 = Release|Any CPU
		{602F2B8B-1539-4A84-A472-CC9639D62796}.Debug|Any CPU.ActiveCfg = Debug|Any CPU
		{602F2B8B-1539-4A84-A472-CC9639D62796}.Debug|Any CPU.Build.0 = Debug|Any CPU
		{602F2B8B-1539-4A84-A472-CC9639D62796}.Release|Any CPU.ActiveCfg = Release|Any CPU
		{602F2B8B-1539-4A84-A472-CC9639D62796}.Release|Any CPU.Build.0 = Release|Any CPU
		{061492CD-2AC3-4B80-8714-D5FBE8445F23}.Debug|Any CPU.ActiveCfg = Debug|Any CPU
		{061492CD-2AC3-4B80-8714-D5FBE8445F23}.Debug|Any CPU.Build.0 = Debug|Any CPU
		{061492CD-2AC3-4B80-8714-D5FBE8445F23}.Release|Any CPU.ActiveCfg = Release|Any CPU
		{061492CD-2AC3-4B80-8714-D5FBE8445F23}.Release|Any CPU.Build.0 = Release|Any CPU
		{B194B8B7-F7C2-46FD-8A8C-15D42D16F40A}.Debug|Any CPU.ActiveCfg = Debug|Any CPU
		{B194B8B7-F7C2-46FD-8A8C-15D42D16F40A}.Debug|Any CPU.Build.0 = Debug|Any CPU
		{B194B8B7-F7C2-46FD-8A8C-15D42D16F40A}.Release|Any CPU.ActiveCfg = Release|Any CPU
		{B194B8B7-F7C2-46FD-8A8C-15D42D16F40A}.Release|Any CPU.Build.0 = Release|Any CPU
		{52B1717D-2050-4477-99EE-32D040DB3AF0}.Debug|Any CPU.ActiveCfg = Debug|Any CPU
		{52B1717D-2050-4477-99EE-32D040DB3AF0}.Debug|Any CPU.Build.0 = Debug|Any CPU
		{52B1717D-2050-4477-99EE-32D040DB3AF0}.Release|Any CPU.ActiveCfg = Release|Any CPU
		{52B1717D-2050-4477-99EE-32D040DB3AF0}.Release|Any CPU.Build.0 = Release|Any CPU
		{16BF665C-E5ED-4D92-B49E-5B91B5DC910B}.Debug|Any CPU.ActiveCfg = Debug|Any CPU
		{16BF665C-E5ED-4D92-B49E-5B91B5DC910B}.Debug|Any CPU.Build.0 = Debug|Any CPU
		{16BF665C-E5ED-4D92-B49E-5B91B5DC910B}.Release|Any CPU.ActiveCfg = Release|Any CPU
		{16BF665C-E5ED-4D92-B49E-5B91B5DC910B}.Release|Any CPU.Build.0 = Release|Any CPU
		{C2CE8DEC-1DA0-432F-B6C5-F99888CEE5D1}.Debug|Any CPU.ActiveCfg = Debug|Any CPU
		{C2CE8DEC-1DA0-432F-B6C5-F99888CEE5D1}.Debug|Any CPU.Build.0 = Debug|Any CPU
		{C2CE8DEC-1DA0-432F-B6C5-F99888CEE5D1}.Release|Any CPU.ActiveCfg = Release|Any CPU
		{C2CE8DEC-1DA0-432F-B6C5-F99888CEE5D1}.Release|Any CPU.Build.0 = Release|Any CPU
		{3E1C5733-F15B-45A5-9CF7-1AE42A794873}.Debug|Any CPU.ActiveCfg = Debug|Any CPU
		{3E1C5733-F15B-45A5-9CF7-1AE42A794873}.Debug|Any CPU.Build.0 = Debug|Any CPU
		{3E1C5733-F15B-45A5-9CF7-1AE42A794873}.Release|Any CPU.ActiveCfg = Release|Any CPU
		{3E1C5733-F15B-45A5-9CF7-1AE42A794873}.Release|Any CPU.Build.0 = Release|Any CPU
		{C07518C9-38F5-408A-8D6E-2F5A76C446ED}.Debug|Any CPU.ActiveCfg = Debug|Any CPU
		{C07518C9-38F5-408A-8D6E-2F5A76C446ED}.Debug|Any CPU.Build.0 = Debug|Any CPU
		{C07518C9-38F5-408A-8D6E-2F5A76C446ED}.Release|Any CPU.ActiveCfg = Release|Any CPU
		{C07518C9-38F5-408A-8D6E-2F5A76C446ED}.Release|Any CPU.Build.0 = Release|Any CPU
		{83A0994E-3A92-402A-B243-D7E710082FC0}.Debug|Any CPU.ActiveCfg = Debug|Any CPU
		{83A0994E-3A92-402A-B243-D7E710082FC0}.Debug|Any CPU.Build.0 = Debug|Any CPU
		{83A0994E-3A92-402A-B243-D7E710082FC0}.Release|Any CPU.ActiveCfg = Release|Any CPU
		{83A0994E-3A92-402A-B243-D7E710082FC0}.Release|Any CPU.Build.0 = Release|Any CPU
		{898E181C-2522-4F59-A5A7-16A17ABC7BE9}.Debug|Any CPU.ActiveCfg = Debug|Any CPU
		{898E181C-2522-4F59-A5A7-16A17ABC7BE9}.Debug|Any CPU.Build.0 = Debug|Any CPU
		{898E181C-2522-4F59-A5A7-16A17ABC7BE9}.Release|Any CPU.ActiveCfg = Release|Any CPU
		{898E181C-2522-4F59-A5A7-16A17ABC7BE9}.Release|Any CPU.Build.0 = Release|Any CPU
		{421244F4-CF13-4222-B416-456287E551E7}.Debug|Any CPU.ActiveCfg = Debug|Any CPU
		{421244F4-CF13-4222-B416-456287E551E7}.Debug|Any CPU.Build.0 = Debug|Any CPU
		{421244F4-CF13-4222-B416-456287E551E7}.Release|Any CPU.ActiveCfg = Release|Any CPU
		{421244F4-CF13-4222-B416-456287E551E7}.Release|Any CPU.Build.0 = Release|Any CPU
		{3431EBB2-A8A0-4627-8B63-04C8A84144EC}.Debug|Any CPU.ActiveCfg = Debug|Any CPU
		{3431EBB2-A8A0-4627-8B63-04C8A84144EC}.Debug|Any CPU.Build.0 = Debug|Any CPU
		{3431EBB2-A8A0-4627-8B63-04C8A84144EC}.Release|Any CPU.ActiveCfg = Release|Any CPU
		{3431EBB2-A8A0-4627-8B63-04C8A84144EC}.Release|Any CPU.Build.0 = Release|Any CPU
		{BE35D6C0-CA3E-4724-AB5B-B4BEFE0A39F5}.Debug|Any CPU.ActiveCfg = Debug|Any CPU
		{BE35D6C0-CA3E-4724-AB5B-B4BEFE0A39F5}.Debug|Any CPU.Build.0 = Debug|Any CPU
		{BE35D6C0-CA3E-4724-AB5B-B4BEFE0A39F5}.Release|Any CPU.ActiveCfg = Release|Any CPU
		{BE35D6C0-CA3E-4724-AB5B-B4BEFE0A39F5}.Release|Any CPU.Build.0 = Release|Any CPU
		{C5A06453-FEAD-4945-827A-E3299AB161EA}.Debug|Any CPU.ActiveCfg = Debug|Any CPU
		{C5A06453-FEAD-4945-827A-E3299AB161EA}.Debug|Any CPU.Build.0 = Debug|Any CPU
		{C5A06453-FEAD-4945-827A-E3299AB161EA}.Release|Any CPU.ActiveCfg = Release|Any CPU
		{C5A06453-FEAD-4945-827A-E3299AB161EA}.Release|Any CPU.Build.0 = Release|Any CPU
		{EDCAB1CA-CAAE-4619-9410-1D0981DA981D}.Debug|Any CPU.ActiveCfg = Debug|Any CPU
		{EDCAB1CA-CAAE-4619-9410-1D0981DA981D}.Debug|Any CPU.Build.0 = Debug|Any CPU
		{EDCAB1CA-CAAE-4619-9410-1D0981DA981D}.Release|Any CPU.ActiveCfg = Release|Any CPU
		{EDCAB1CA-CAAE-4619-9410-1D0981DA981D}.Release|Any CPU.Build.0 = Release|Any CPU
		{4EB77246-2927-41A5-A914-8A0E4C8988F9}.Debug|Any CPU.ActiveCfg = Debug|Any CPU
		{4EB77246-2927-41A5-A914-8A0E4C8988F9}.Debug|Any CPU.Build.0 = Debug|Any CPU
		{4EB77246-2927-41A5-A914-8A0E4C8988F9}.Release|Any CPU.ActiveCfg = Release|Any CPU
		{4EB77246-2927-41A5-A914-8A0E4C8988F9}.Release|Any CPU.Build.0 = Release|Any CPU
		{9E4F8E26-22D8-4866-AFBB-996E355FD084}.Debug|Any CPU.ActiveCfg = Debug|Any CPU
		{9E4F8E26-22D8-4866-AFBB-996E355FD084}.Debug|Any CPU.Build.0 = Debug|Any CPU
		{9E4F8E26-22D8-4866-AFBB-996E355FD084}.Release|Any CPU.ActiveCfg = Release|Any CPU
		{9E4F8E26-22D8-4866-AFBB-996E355FD084}.Release|Any CPU.Build.0 = Release|Any CPU
		{5F49DF19-BA10-41F6-8259-B6CB65F34C85}.Debug|Any CPU.ActiveCfg = Debug|Any CPU
		{5F49DF19-BA10-41F6-8259-B6CB65F34C85}.Debug|Any CPU.Build.0 = Debug|Any CPU
		{5F49DF19-BA10-41F6-8259-B6CB65F34C85}.Release|Any CPU.ActiveCfg = Release|Any CPU
		{5F49DF19-BA10-41F6-8259-B6CB65F34C85}.Release|Any CPU.Build.0 = Release|Any CPU
		{7439CD9B-87C9-4C9B-89EA-1A889313F1D2}.Debug|Any CPU.ActiveCfg = Debug|Any CPU
		{7439CD9B-87C9-4C9B-89EA-1A889313F1D2}.Debug|Any CPU.Build.0 = Debug|Any CPU
		{7439CD9B-87C9-4C9B-89EA-1A889313F1D2}.Release|Any CPU.ActiveCfg = Release|Any CPU
		{7439CD9B-87C9-4C9B-89EA-1A889313F1D2}.Release|Any CPU.Build.0 = Release|Any CPU
		{E49EE3DC-8790-477D-AE14-C660A850BC28}.Debug|Any CPU.ActiveCfg = Debug|Any CPU
		{E49EE3DC-8790-477D-AE14-C660A850BC28}.Debug|Any CPU.Build.0 = Debug|Any CPU
		{E49EE3DC-8790-477D-AE14-C660A850BC28}.Release|Any CPU.ActiveCfg = Release|Any CPU
		{E49EE3DC-8790-477D-AE14-C660A850BC28}.Release|Any CPU.Build.0 = Release|Any CPU
		{4497C8B7-42E4-4BE2-92C8-0D5100624B0C}.Debug|Any CPU.ActiveCfg = Debug|Any CPU
		{4497C8B7-42E4-4BE2-92C8-0D5100624B0C}.Debug|Any CPU.Build.0 = Debug|Any CPU
		{4497C8B7-42E4-4BE2-92C8-0D5100624B0C}.Release|Any CPU.ActiveCfg = Release|Any CPU
		{4497C8B7-42E4-4BE2-92C8-0D5100624B0C}.Release|Any CPU.Build.0 = Release|Any CPU
		{558A23CF-0184-41BB-9270-84FF39B40754}.Debug|Any CPU.ActiveCfg = Debug|Any CPU
		{558A23CF-0184-41BB-9270-84FF39B40754}.Debug|Any CPU.Build.0 = Debug|Any CPU
		{558A23CF-0184-41BB-9270-84FF39B40754}.Release|Any CPU.ActiveCfg = Release|Any CPU
		{558A23CF-0184-41BB-9270-84FF39B40754}.Release|Any CPU.Build.0 = Release|Any CPU
		{8EAAC7A6-342D-49A7-817F-7680A546FBB9}.Debug|Any CPU.ActiveCfg = Debug|Any CPU
		{8EAAC7A6-342D-49A7-817F-7680A546FBB9}.Debug|Any CPU.Build.0 = Debug|Any CPU
		{8EAAC7A6-342D-49A7-817F-7680A546FBB9}.Release|Any CPU.ActiveCfg = Release|Any CPU
		{8EAAC7A6-342D-49A7-817F-7680A546FBB9}.Release|Any CPU.Build.0 = Release|Any CPU
	EndGlobalSection
	GlobalSection(SolutionProperties) = preSolution
		HideSolutionNode = FALSE
	EndGlobalSection
	GlobalSection(NestedProjects) = preSolution
		{4F625579-A0F9-4A4F-80D7-63CA91D7D6EA} = {3754C398-2FBA-4D34-B30C-49857582C5BF}
		{45D7F151-DDED-4018-9A60-D044F6AB5BAB} = {3754C398-2FBA-4D34-B30C-49857582C5BF}
		{42D58907-65E3-42E6-AD01-A42CB46CEFBA} = {3754C398-2FBA-4D34-B30C-49857582C5BF}
		{5F4C2FCD-983A-4B75-862E-1079785C8232} = {3754C398-2FBA-4D34-B30C-49857582C5BF}
		{3D645C31-7770-4CC1-B130-4E81F006CAA9} = {99181F4F-D12C-4C62-B859-283448E00EB4}
		{6D9C644C-2B21-4391-931F-4016DCFC4607} = {99181F4F-D12C-4C62-B859-283448E00EB4}
		{763A58DF-2FC3-4BCE-A145-891429CA4336} = {99181F4F-D12C-4C62-B859-283448E00EB4}
		{0AAA30B8-7403-47F0-AC67-77969F07C035} = {99181F4F-D12C-4C62-B859-283448E00EB4}
		{0528E7EE-A306-4D76-B1C1-9EA92CF6C79D} = {99181F4F-D12C-4C62-B859-283448E00EB4}
		{E3E33840-4A7C-4F87-9D54-3271DFADC7B5} = {99181F4F-D12C-4C62-B859-283448E00EB4}
		{230D8479-CA5B-4F75-A691-D6E947C484E4} = {99181F4F-D12C-4C62-B859-283448E00EB4}
		{F451C3AD-3943-4FBD-806B-9A99BBD46086} = {99181F4F-D12C-4C62-B859-283448E00EB4}
		{0AC62A24-7EAE-4ADB-A34A-90900C29413F} = {3754C398-2FBA-4D34-B30C-49857582C5BF}
		{602F2B8B-1539-4A84-A472-CC9639D62796} = {99181F4F-D12C-4C62-B859-283448E00EB4}
		{061492CD-2AC3-4B80-8714-D5FBE8445F23} = {99181F4F-D12C-4C62-B859-283448E00EB4}
		{B194B8B7-F7C2-46FD-8A8C-15D42D16F40A} = {99181F4F-D12C-4C62-B859-283448E00EB4}
		{52B1717D-2050-4477-99EE-32D040DB3AF0} = {42D58907-65E3-42E6-AD01-A42CB46CEFBA}
		{16BF665C-E5ED-4D92-B49E-5B91B5DC910B} = {42D58907-65E3-42E6-AD01-A42CB46CEFBA}
		{C2CE8DEC-1DA0-432F-B6C5-F99888CEE5D1} = {42D58907-65E3-42E6-AD01-A42CB46CEFBA}
		{3E1C5733-F15B-45A5-9CF7-1AE42A794873} = {42D58907-65E3-42E6-AD01-A42CB46CEFBA}
		{C07518C9-38F5-408A-8D6E-2F5A76C446ED} = {0AC62A24-7EAE-4ADB-A34A-90900C29413F}
		{83A0994E-3A92-402A-B243-D7E710082FC0} = {0AC62A24-7EAE-4ADB-A34A-90900C29413F}
		{898E181C-2522-4F59-A5A7-16A17ABC7BE9} = {4F625579-A0F9-4A4F-80D7-63CA91D7D6EA}
		{421244F4-CF13-4222-B416-456287E551E7} = {4F625579-A0F9-4A4F-80D7-63CA91D7D6EA}
		{3431EBB2-A8A0-4627-8B63-04C8A84144EC} = {0AC62A24-7EAE-4ADB-A34A-90900C29413F}
		{BE35D6C0-CA3E-4724-AB5B-B4BEFE0A39F5} = {4F625579-A0F9-4A4F-80D7-63CA91D7D6EA}
		{C5A06453-FEAD-4945-827A-E3299AB161EA} = {4F625579-A0F9-4A4F-80D7-63CA91D7D6EA}
		{EDCAB1CA-CAAE-4619-9410-1D0981DA981D} = {45D7F151-DDED-4018-9A60-D044F6AB5BAB}
		{4EB77246-2927-41A5-A914-8A0E4C8988F9} = {45D7F151-DDED-4018-9A60-D044F6AB5BAB}
		{9E4F8E26-22D8-4866-AFBB-996E355FD084} = {45D7F151-DDED-4018-9A60-D044F6AB5BAB}
		{5F49DF19-BA10-41F6-8259-B6CB65F34C85} = {45D7F151-DDED-4018-9A60-D044F6AB5BAB}
		{7439CD9B-87C9-4C9B-89EA-1A889313F1D2} = {5F4C2FCD-983A-4B75-862E-1079785C8232}
		{E49EE3DC-8790-477D-AE14-C660A850BC28} = {5F4C2FCD-983A-4B75-862E-1079785C8232}
		{4497C8B7-42E4-4BE2-92C8-0D5100624B0C} = {5F4C2FCD-983A-4B75-862E-1079785C8232}
		{558A23CF-0184-41BB-9270-84FF39B40754} = {5F4C2FCD-983A-4B75-862E-1079785C8232}
		{8EAAC7A6-342D-49A7-817F-7680A546FBB9} = {5F4C2FCD-983A-4B75-862E-1079785C8232}
		{95CBF33B-9077-40A0-9F8B-4126EB07FEFA} = {AC75077C-0000-4712-B884-F4C3D25B621F}
	EndGlobalSection
	GlobalSection(ExtensibilityGlobals) = postSolution
		SolutionGuid = {4CDFABFF-6247-45B0-A88B-2E92D745EF22}
	EndGlobalSection
EndGlobal
